
Microsoft Visual Studio Solution File, Format Version 12.00
# Visual Studio Version 17
VisualStudioVersion = 17.8.34525.116
MinimumVisualStudioVersion = 10.0.40219.1
Project("{FAE04EC0-301F-11D3-BF4B-00C04F79EFBC}") = "KhumaloCraft4", "KhumaloCraft4\KhumaloCraft4.csproj", "{32EC43B8-A42C-44FB-97A5-DFC3F81CAB74}"
EndProject
Global
	GlobalSection(SolutionConfigurationPlatforms) = preSolution
		Debug|Any CPU = Debug|Any CPU
		Release|Any CPU = Release|Any CPU
	EndGlobalSection
	GlobalSection(ProjectConfigurationPlatforms) = postSolution
		{32EC43B8-A42C-44FB-97A5-DFC3F81CAB74}.Debug|Any CPU.ActiveCfg = Debug|Any CPU
		{32EC43B8-A42C-44FB-97A5-DFC3F81CAB74}.Debug|Any CPU.Build.0 = Debug|Any CPU
		{32EC43B8-A42C-44FB-97A5-DFC3F81CAB74}.Release|Any CPU.ActiveCfg = Release|Any CPU
		{32EC43B8-A42C-44FB-97A5-DFC3F81CAB74}.Release|Any CPU.Build.0 = Release|Any CPU
	EndGlobalSection
	GlobalSection(SolutionProperties) = preSolution
		HideSolutionNode = FALSE
	EndGlobalSection
	GlobalSection(ExtensibilityGlobals) = postSolution
		SolutionGuid = {91D61D1C-9C58-4366-80A2-B9D7DC1A591B}
	EndGlobalSection
EndGlobal
